<?xml version="1.0" encoding="utf-8"?>
<Project ToolsVersion="4.0" xmlns="http://schemas.microsoft.com/developer/msbuild/2003">
  <ItemGroup>
    <Filter Include="Source Files">
      <UniqueIdentifier>{4FC737F1-C7A5-4376-A066-2A32D752A2FF}</UniqueIdentifier>
      <Extensions>cpp;c;cc;cxx;def;odl;idl;hpj;bat;asm;asmx</Extensions>
    </Filter>
    <Filter Include="Header Files">
      <UniqueIdentifier>{93995380-89BD-4b04-88EB-625FBE52EBFB}</UniqueIdentifier>
      <Extensions>h;hh;hpp;hxx;hm;inl;inc;ipp;xsd</Extensions>
    </Filter>
    <Filter Include="Resource Files">
      <UniqueIdentifier>{67DA6AB6-F800-4c08-8B7A-83BB121AAD01}</UniqueIdentifier>
      <Extensions>rc;ico;cur;bmp;dlg;rc2;rct;bin;rgs;gif;jpg;jpeg;jpe;resx;tiff;tif;png;wav;mfcribbon-ms</Extensions>
    </Filter>
    <Filter Include="Shader Files">
      <UniqueIdentifier>{d03974c3-a404-4db2-8998-d503d8b9527e}</UniqueIdentifier>
    </Filter>
    <Filter Include="Dxerr">
      <UniqueIdentifier>{251abce8-9171-4992-a10b-42c7e24d7dc1}</UniqueIdentifier>
    </Filter>
    <Filter Include="Header Files\Macros">
      <UniqueIdentifier>{153551d4-585a-4ee5-8e7d-52ee6b605885}</UniqueIdentifier>
    </Filter>
    <Filter Include="Header Files\Bindables">
      <UniqueIdentifier>{b0503d6f-41c5-4056-87d1-7bcb11938383}</UniqueIdentifier>
    </Filter>
    <Filter Include="Source Files\Bindables">
      <UniqueIdentifier>{c0f59bae-e84e-4a3a-b19c-ea52b14344da}</UniqueIdentifier>
    </Filter>
    <Filter Include="Header Files\Drawables">
      <UniqueIdentifier>{94f207e8-3dcd-4713-96a0-ac22e26d2d1d}</UniqueIdentifier>
    </Filter>
    <Filter Include="Source Files\Drawables">
      <UniqueIdentifier>{30ac39a1-88c1-462e-8e9e-bbe40d414b80}</UniqueIdentifier>
    </Filter>
    <Filter Include="Header Files\Primitives">
      <UniqueIdentifier>{aa120da1-49f4-45ea-a127-18a37f3a4699}</UniqueIdentifier>
    </Filter>
    <Filter Include="ImGUI">
      <UniqueIdentifier>{50b5c8d8-efbd-4e96-91ac-c8aa95ff3f14}</UniqueIdentifier>
    </Filter>
    <Filter Include="Header Files\PlantTypes">
      <UniqueIdentifier>{356b69a6-dc4a-4319-8407-05ee1b727521}</UniqueIdentifier>
    </Filter>
    <Filter Include="Source Files\PlantTypes">
      <UniqueIdentifier>{33543157-9945-42ce-9c4f-26d3d42b73a9}</UniqueIdentifier>
    </Filter>
  </ItemGroup>
  <ItemGroup>
    <ClCompile Include="source\WinMain.cpp">
      <Filter>Source Files</Filter>
    </ClCompile>
    <ClCompile Include="source\Window.cpp">
      <Filter>Source Files</Filter>
    </ClCompile>
    <ClCompile Include="source\ExceptionHandler.cpp">
      <Filter>Source Files</Filter>
    </ClCompile>
    <ClCompile Include="source\Keyboard.cpp">
      <Filter>Source Files</Filter>
    </ClCompile>
    <ClCompile Include="source\Mouse.cpp">
      <Filter>Source Files</Filter>
    </ClCompile>
    <ClCompile Include="source\App.cpp">
      <Filter>Source Files</Filter>
    </ClCompile>
    <ClCompile Include="source\Timer.cpp">
      <Filter>Source Files</Filter>
    </ClCompile>
    <ClCompile Include="source\Graphics.cpp">
      <Filter>Source Files</Filter>
    </ClCompile>
    <ClCompile Include="source\dxerr.cpp">
      <Filter>Dxerr</Filter>
    </ClCompile>
    <ClCompile Include="source\Bindable.cpp">
      <Filter>Source Files\Bindables</Filter>
    </ClCompile>
    <ClCompile Include="source\VertexBuffer.cpp">
      <Filter>Source Files\Bindables</Filter>
    </ClCompile>
    <ClCompile Include="source\IndexBuffer.cpp">
      <Filter>Source Files\Bindables</Filter>
    </ClCompile>
    <ClCompile Include="source\Drawable.cpp">
      <Filter>Source Files\Drawables</Filter>
    </ClCompile>
    <ClCompile Include="source\PixelShader.cpp">
      <Filter>Source Files\Bindables</Filter>
    </ClCompile>
    <ClCompile Include="source\VertexShader.cpp">
      <Filter>Source Files\Bindables</Filter>
    </ClCompile>
    <ClCompile Include="source\TransConstBuffer.cpp">
      <Filter>Source Files\Bindables</Filter>
    </ClCompile>
    <ClCompile Include="source\InputLayout.cpp">
      <Filter>Source Files\Bindables</Filter>
    </ClCompile>
    <ClCompile Include="source\PrimTopology.cpp">
      <Filter>Source Files\Bindables</Filter>
    </ClCompile>
    <ClCompile Include="source\Cube.cpp">
      <Filter>Source Files\Drawables</Filter>
    </ClCompile>
    <ClCompile Include="source\GameObjectTransform.cpp">
      <Filter>Source Files</Filter>
    </ClCompile>
    <ClCompile Include="source\imgui_widgets.cpp">
      <Filter>ImGUI</Filter>
    </ClCompile>
    <ClCompile Include="source\imgui.cpp">
      <Filter>ImGUI</Filter>
    </ClCompile>
    <ClCompile Include="source\imgui_demo.cpp">
      <Filter>ImGUI</Filter>
    </ClCompile>
    <ClCompile Include="source\imgui_draw.cpp">
      <Filter>ImGUI</Filter>
    </ClCompile>
    <ClCompile Include="source\imgui_impl_dx11.cpp">
      <Filter>ImGUI</Filter>
    </ClCompile>
    <ClCompile Include="source\imgui_impl_win32.cpp">
      <Filter>ImGUI</Filter>
    </ClCompile>
    <ClCompile Include="source\ImguiManager.cpp">
      <Filter>Source Files</Filter>
    </ClCompile>
    <ClCompile Include="source\Camera.cpp">
      <Filter>Source Files</Filter>
    </ClCompile>
    <ClCompile Include="source\Sheet.cpp">
      <Filter>Source Files\Drawables</Filter>
    </ClCompile>
    <ClCompile Include="source\Texture.cpp">
      <Filter>Source Files\Bindables</Filter>
    </ClCompile>
    <ClCompile Include="source\Sampler.cpp">
      <Filter>Source Files\Bindables</Filter>
    </ClCompile>
    <ClCompile Include="source\TexturedCube.cpp">
      <Filter>Source Files\Drawables</Filter>
    </ClCompile>
    <ClCompile Include="source\SolidSphere.cpp">
      <Filter>Source Files\Drawables</Filter>
    </ClCompile>
    <ClCompile Include="source\PointLight.cpp">
      <Filter>Source Files</Filter>
    </ClCompile>
    <ClCompile Include="source\Cylinder.cpp">
      <Filter>Source Files\Drawables</Filter>
    </ClCompile>
    <ClCompile Include="source\Pyramid.cpp">
      <Filter>Source Files\Drawables</Filter>
    </ClCompile>
    <ClCompile Include="source\DynamicSolid.cpp">
      <Filter>Source Files\Drawables</Filter>
    </ClCompile>
    <ClCompile Include="source\Leaves.cpp">
      <Filter>Source Files\Drawables</Filter>
    </ClCompile>
    <ClCompile Include="source\Leaf.cpp">
      <Filter>Source Files\Drawables</Filter>
    </ClCompile>
    <ClCompile Include="source\Stem.cpp">
      <Filter>Source Files\Drawables</Filter>
    </ClCompile>
    <ClCompile Include="includes\ObjExporter.cpp">
      <Filter>Source Files</Filter>
    </ClCompile>
    <ClCompile Include="source\Flower.cpp">
      <Filter>Source Files\PlantTypes</Filter>
    </ClCompile>
  </ItemGroup>
  <ItemGroup>
    <ClInclude Include="includes\WindowsCustomInclude.h">
      <Filter>Header Files</Filter>
    </ClInclude>
    <ClInclude Include="includes\Window.h">
      <Filter>Header Files</Filter>
    </ClInclude>
    <ClInclude Include="includes\ExceptionHandler.h">
      <Filter>Header Files</Filter>
    </ClInclude>
    <ClInclude Include="includes\Keyboard.h">
      <Filter>Header Files</Filter>
    </ClInclude>
    <ClInclude Include="includes\Mouse.h">
      <Filter>Header Files</Filter>
    </ClInclude>
    <ClInclude Include="includes\App.h">
      <Filter>Header Files</Filter>
    </ClInclude>
    <ClInclude Include="includes\Timer.h">
      <Filter>Header Files</Filter>
    </ClInclude>
    <ClInclude Include="includes\Graphics.h">
      <Filter>Header Files</Filter>
    </ClInclude>
    <ClInclude Include="includes\dxerr.h">
      <Filter>Dxerr</Filter>
    </ClInclude>
    <ClInclude Include="includes\GraphicsThrowMacros.h">
      <Filter>Header Files\Macros</Filter>
    </ClInclude>
    <ClInclude Include="includes\WindowThrowMacros.h">
      <Filter>Header Files\Macros</Filter>
    </ClInclude>
    <ClInclude Include="includes\Bindable.h">
      <Filter>Header Files\Bindables</Filter>
    </ClInclude>
    <ClInclude Include="includes\VertexBuffer.h">
      <Filter>Header Files\Bindables</Filter>
    </ClInclude>
    <ClInclude Include="includes\IndexBuffer.h">
      <Filter>Header Files\Bindables</Filter>
    </ClInclude>
    <ClInclude Include="includes\ConstantBuffer.h">
      <Filter>Header Files\Bindables</Filter>
    </ClInclude>
    <ClInclude Include="includes\Drawable.h">
      <Filter>Header Files\Drawables</Filter>
    </ClInclude>
    <ClInclude Include="includes\PixelShader.h">
      <Filter>Header Files\Bindables</Filter>
    </ClInclude>
    <ClInclude Include="includes\VertexShader.h">
      <Filter>Header Files\Bindables</Filter>
    </ClInclude>
    <ClInclude Include="includes\TransConstBuffer.h">
      <Filter>Header Files\Bindables</Filter>
    </ClInclude>
    <ClInclude Include="includes\InputLayout.h">
      <Filter>Header Files\Bindables</Filter>
    </ClInclude>
    <ClInclude Include="includes\PrimTopology.h">
      <Filter>Header Files\Bindables</Filter>
    </ClInclude>
    <ClInclude Include="includes\BindableBase.h">
      <Filter>Header Files\Bindables</Filter>
    </ClInclude>
    <ClInclude Include="includes\DrawablesBase.h">
      <Filter>Header Files\Drawables</Filter>
    </ClInclude>
    <ClInclude Include="includes\Cube.h">
      <Filter>Header Files\Drawables</Filter>
    </ClInclude>
    <ClInclude Include="includes\MathClass.h">
      <Filter>Header Files</Filter>
    </ClInclude>
    <ClInclude Include="includes\CubePrim.h">
      <Filter>Header Files\Primitives</Filter>
    </ClInclude>
    <ClInclude Include="includes\ConePrim.h">
      <Filter>Header Files\Primitives</Filter>
    </ClInclude>
    <ClInclude Include="includes\PrismPrim.h">
      <Filter>Header Files\Primitives</Filter>
    </ClInclude>
    <ClInclude Include="includes\SpherePrim.h">
      <Filter>Header Files\Primitives</Filter>
    </ClInclude>
    <ClInclude Include="includes\PlanePrim.h">
      <Filter>Header Files\Primitives</Filter>
    </ClInclude>
    <ClInclude Include="includes\GameObjectTransform.h">
      <Filter>Header Files</Filter>
    </ClInclude>
    <ClInclude Include="includes\imconfig.h">
      <Filter>ImGUI</Filter>
    </ClInclude>
    <ClInclude Include="includes\imgui.h">
      <Filter>ImGUI</Filter>
    </ClInclude>
    <ClInclude Include="includes\imgui_internal.h">
      <Filter>ImGUI</Filter>
    </ClInclude>
    <ClInclude Include="includes\imstb_rectpack.h">
      <Filter>ImGUI</Filter>
    </ClInclude>
    <ClInclude Include="includes\imstb_textedit.h">
      <Filter>ImGUI</Filter>
    </ClInclude>
    <ClInclude Include="includes\imstb_truetype.h">
      <Filter>ImGUI</Filter>
    </ClInclude>
    <ClInclude Include="includes\imgui_impl_dx11.h">
      <Filter>ImGUI</Filter>
    </ClInclude>
    <ClInclude Include="includes\imgui_impl_win32.h">
      <Filter>ImGUI</Filter>
    </ClInclude>
    <ClInclude Include="includes\ImguiManager.h">
      <Filter>Header Files</Filter>
    </ClInclude>
    <ClInclude Include="includes\Camera.h">
      <Filter>Header Files</Filter>
    </ClInclude>
    <ClInclude Include="includes\Sheet.h">
      <Filter>Header Files\Drawables</Filter>
    </ClInclude>
    <ClInclude Include="includes\Texture.h">
      <Filter>Header Files\Bindables</Filter>
    </ClInclude>
    <ClInclude Include="includes\Sampler.h">
      <Filter>Header Files\Bindables</Filter>
    </ClInclude>
    <ClInclude Include="includes\TexturedCube.h">
      <Filter>Header Files\Drawables</Filter>
    </ClInclude>
    <ClInclude Include="includes\IndexedTriangleList.h">
      <Filter>Header Files\Primitives</Filter>
    </ClInclude>
    <ClInclude Include="includes\SolidSphere.h">
      <Filter>Header Files\Drawables</Filter>
    </ClInclude>
    <ClInclude Include="includes\PointLight.h">
      <Filter>Header Files</Filter>
    </ClInclude>
    <ClInclude Include="includes\Cylinder.h">
      <Filter>Header Files\Drawables</Filter>
    </ClInclude>
    <ClInclude Include="includes\Pyramid.h">
      <Filter>Header Files\Drawables</Filter>
    </ClInclude>
    <ClInclude Include="includes\DynamicSolid.h">
      <Filter>Header Files\Drawables</Filter>
    </ClInclude>
    <ClInclude Include="includes\DynamicVertexBuffer.h">
      <Filter>Header Files\Bindables</Filter>
    </ClInclude>
    <ClInclude Include="includes\Leaves.h">
      <Filter>Header Files\Drawables</Filter>
    </ClInclude>
    <ClInclude Include="includes\Leaf.h">
      <Filter>Header Files\Drawables</Filter>
    </ClInclude>
    <ClInclude Include="includes\Stem.h">
      <Filter>Header Files\Drawables</Filter>
    </ClInclude>
    <ClInclude Include="includes\ObjExporter.h">
      <Filter>Header Files</Filter>
    </ClInclude>
    <ClInclude Include="includes\StructDefs.h">
      <Filter>Header Files</Filter>
    </ClInclude>
    <ClInclude Include="includes\Flower.h">
      <Filter>Header Files\PlantTypes</Filter>
    </ClInclude>
  </ItemGroup>
  <ItemGroup>
    <None Include="source\DXGetErrorDescription.inl">
      <Filter>Dxerr</Filter>
    </None>
    <None Include="source\DXGetErrorString.inl">
      <Filter>Dxerr</Filter>
    </None>
    <None Include="source\DXTrace.inl">
      <Filter>Dxerr</Filter>
    </None>
  </ItemGroup>
  <ItemGroup>
    <FxCompile Include="shaders\VertexShader.hlsl">
      <Filter>Shader Files</Filter>
    </FxCompile>
    <FxCompile Include="shaders\PixelShader.hlsl">
      <Filter>Shader Files</Filter>
    </FxCompile>
    <FxCompile Include="shaders\TexturedVertexShader.hlsl">
      <Filter>Shader Files</Filter>
    </FxCompile>
    <FxCompile Include="shaders\TexturedPixelShader.hlsl">
      <Filter>Shader Files</Filter>
    </FxCompile>
    <FxCompile Include="shaders\SolidVertexShader.hlsl">
      <Filter>Shader Files</Filter>
    </FxCompile>
    <FxCompile Include="shaders\SolidPixelShader.hlsl">
      <Filter>Shader Files</Filter>
    </FxCompile>
    <FxCompile Include="shaders\PhongVertexShader.hlsl">
      <Filter>Shader Files</Filter>
    </FxCompile>
    <FxCompile Include="shaders\PhongPixelShader.hlsl">
      <Filter>Shader Files</Filter>
    </FxCompile>
    <FxCompile Include="shaders\IndexedPhongPixelShader.hlsl">
      <Filter>Shader Files</Filter>
    </FxCompile>
    <FxCompile Include="shaders\BlendedPhongVertexShader.hlsl">
      <Filter>Shader Files</Filter>
    </FxCompile>
    <FxCompile Include="shaders\BlendedPhongPixelShader.hlsl">
      <Filter>Shader Files</Filter>
    </FxCompile>
    <FxCompile Include="shaders\TexturedPhongVertexShader.hlsl">
      <Filter>Shader Files</Filter>
    </FxCompile>
    <FxCompile Include="shaders\TexturedPhongPixelShader.hlsl">
      <Filter>Shader Files</Filter>
    </FxCompile>
  </ItemGroup>
</Project>